// !$*UTF8*$!
{
	archiveVersion = 1;
	classes = {
	};
	objectVersion = 48;
	objects = {

/* Begin PBXBuildFile section */
		CE2F8FBC2092CD110043D83B /* AKPickerView.swift in Sources */ = {isa = PBXBuildFile; fileRef = CE2F8FBB2092CD100043D83B /* AKPickerView.swift */; };
		CEA8370D20804FAD00C8F3C5 /* AppDelegate.swift in Sources */ = {isa = PBXBuildFile; fileRef = CEA8370C20804FAD00C8F3C5 /* AppDelegate.swift */; };
		CEA8370F20804FAD00C8F3C5 /* ViewController.swift in Sources */ = {isa = PBXBuildFile; fileRef = CEA8370E20804FAD00C8F3C5 /* ViewController.swift */; };
		CEA8371220804FAD00C8F3C5 /* Main.storyboard in Resources */ = {isa = PBXBuildFile; fileRef = CEA8371020804FAD00C8F3C5 /* Main.storyboard */; };
		CEA8371420804FAD00C8F3C5 /* Assets.xcassets in Resources */ = {isa = PBXBuildFile; fileRef = CEA8371320804FAD00C8F3C5 /* Assets.xcassets */; };
		CEA8371720804FAD00C8F3C5 /* LaunchScreen.storyboard in Resources */ = {isa = PBXBuildFile; fileRef = CEA8371520804FAD00C8F3C5 /* LaunchScreen.storyboard */; };
		CEA8372220804FAD00C8F3C5 /* BoxingTimerTests.swift in Sources */ = {isa = PBXBuildFile; fileRef = CEA8372120804FAD00C8F3C5 /* BoxingTimerTests.swift */; };
		CEA8372D20804FAD00C8F3C5 /* BoxingTimerUITests.swift in Sources */ = {isa = PBXBuildFile; fileRef = CEA8372C20804FAD00C8F3C5 /* BoxingTimerUITests.swift */; };
		CEB74134209317860095D415 /* OP.swift in Sources */ = {isa = PBXBuildFile; fileRef = CEB74133209317860095D415 /* OP.swift */; };
		CEE9F01D208F351000AF1AD0 /* OptionController.swift in Sources */ = {isa = PBXBuildFile; fileRef = CEE9F01C208F351000AF1AD0 /* OptionController.swift */; };
		CEF13D0B208F3AE3003496DE /* UIImage+Resize.swift in Sources */ = {isa = PBXBuildFile; fileRef = CEF13D0A208F3AE3003496DE /* UIImage+Resize.swift */; };
/* End PBXBuildFile section */

/* Begin PBXContainerItemProxy section */
		CEA8371E20804FAD00C8F3C5 /* PBXContainerItemProxy */ = {
			isa = PBXContainerItemProxy;
			containerPortal = CEA8370120804FAD00C8F3C5 /* Project object */;
			proxyType = 1;
			remoteGlobalIDString = CEA8370820804FAD00C8F3C5;
			remoteInfo = BoxingTimer;
		};
		CEA8372920804FAD00C8F3C5 /* PBXContainerItemProxy */ = {
			isa = PBXContainerItemProxy;
			containerPortal = CEA8370120804FAD00C8F3C5 /* Project object */;
			proxyType = 1;
			remoteGlobalIDString = CEA8370820804FAD00C8F3C5;
			remoteInfo = BoxingTimer;
		};
/* End PBXContainerItemProxy section */

/* Begin PBXFileReference section */
		CE2F8FBB2092CD100043D83B /* AKPickerView.swift */ = {isa = PBXFileReference; fileEncoding = 4; lastKnownFileType = sourcecode.swift; path = AKPickerView.swift; sourceTree = "<group>"; };
		CEA8370920804FAD00C8F3C5 /* BoxingTimer.app */ = {isa = PBXFileReference; explicitFileType = wrapper.application; includeInIndex = 0; path = BoxingTimer.app; sourceTree = BUILT_PRODUCTS_DIR; };
		CEA8370C20804FAD00C8F3C5 /* AppDelegate.swift */ = {isa = PBXFileReference; lastKnownFileType = sourcecode.swift; path = AppDelegate.swift; sourceTree = "<group>"; };
		CEA8370E20804FAD00C8F3C5 /* ViewController.swift */ = {isa = PBXFileReference; lastKnownFileType = sourcecode.swift; path = ViewController.swift; sourceTree = "<group>"; };
		CEA8371120804FAD00C8F3C5 /* Base */ = {isa = PBXFileReference; lastKnownFileType = file.storyboard; name = Base; path = Base.lproj/Main.storyboard; sourceTree = "<group>"; };
		CEA8371320804FAD00C8F3C5 /* Assets.xcassets */ = {isa = PBXFileReference; lastKnownFileType = folder.assetcatalog; path = Assets.xcassets; sourceTree = "<group>"; };
		CEA8371620804FAD00C8F3C5 /* Base */ = {isa = PBXFileReference; lastKnownFileType = file.storyboard; name = Base; path = Base.lproj/LaunchScreen.storyboard; sourceTree = "<group>"; };
		CEA8371820804FAD00C8F3C5 /* Info.plist */ = {isa = PBXFileReference; lastKnownFileType = text.plist.xml; path = Info.plist; sourceTree = "<group>"; };
		CEA8371D20804FAD00C8F3C5 /* BoxingTimerTests.xctest */ = {isa = PBXFileReference; explicitFileType = wrapper.cfbundle; includeInIndex = 0; path = BoxingTimerTests.xctest; sourceTree = BUILT_PRODUCTS_DIR; };
		CEA8372120804FAD00C8F3C5 /* BoxingTimerTests.swift */ = {isa = PBXFileReference; lastKnownFileType = sourcecode.swift; path = BoxingTimerTests.swift; sourceTree = "<group>"; };
		CEA8372320804FAD00C8F3C5 /* Info.plist */ = {isa = PBXFileReference; lastKnownFileType = text.plist.xml; path = Info.plist; sourceTree = "<group>"; };
		CEA8372820804FAD00C8F3C5 /* BoxingTimerUITests.xctest */ = {isa = PBXFileReference; explicitFileType = wrapper.cfbundle; includeInIndex = 0; path = BoxingTimerUITests.xctest; sourceTree = BUILT_PRODUCTS_DIR; };
		CEA8372C20804FAD00C8F3C5 /* BoxingTimerUITests.swift */ = {isa = PBXFileReference; lastKnownFileType = sourcecode.swift; path = BoxingTimerUITests.swift; sourceTree = "<group>"; };
		CEA8372E20804FAD00C8F3C5 /* Info.plist */ = {isa = PBXFileReference; lastKnownFileType = text.plist.xml; path = Info.plist; sourceTree = "<group>"; };
		CEB74133209317860095D415 /* OP.swift */ = {isa = PBXFileReference; lastKnownFileType = sourcecode.swift; path = OP.swift; sourceTree = "<group>"; };
		CEE9F01C208F351000AF1AD0 /* OptionController.swift */ = {isa = PBXFileReference; lastKnownFileType = sourcecode.swift; path = OptionController.swift; sourceTree = "<group>"; };
		CEF13D0A208F3AE3003496DE /* UIImage+Resize.swift */ = {isa = PBXFileReference; fileEncoding = 4; lastKnownFileType = sourcecode.swift; path = "UIImage+Resize.swift"; sourceTree = "<group>"; };
/* End PBXFileReference section */

/* Begin PBXFrameworksBuildPhase section */
		CEA8370620804FAD00C8F3C5 /* Frameworks */ = {
			isa = PBXFrameworksBuildPhase;
			buildActionMask = 2147483647;
			files = (
			);
			runOnlyForDeploymentPostprocessing = 0;
		};
		CEA8371A20804FAD00C8F3C5 /* Frameworks */ = {
			isa = PBXFrameworksBuildPhase;
			buildActionMask = 2147483647;
			files = (
			);
			runOnlyForDeploymentPostprocessing = 0;
		};
		CEA8372520804FAD00C8F3C5 /* Frameworks */ = {
			isa = PBXFrameworksBuildPhase;
			buildActionMask = 2147483647;
			files = (
			);
			runOnlyForDeploymentPostprocessing = 0;
		};
/* End PBXFrameworksBuildPhase section */

/* Begin PBXGroup section */
		CE9CB5142088306F0079E594 /* CenterClass */ = {
			isa = PBXGroup;
			children = (
				CE2F8FBB2092CD100043D83B /* AKPickerView.swift */,
				CEF13D0A208F3AE3003496DE /* UIImage+Resize.swift */,
				CEA8370C20804FAD00C8F3C5 /* AppDelegate.swift */,
				CEB74133209317860095D415 /* OP.swift */,
			);
			path = CenterClass;
			sourceTree = "<group>";
		};
		CEA8370020804FAD00C8F3C5 = {
			isa = PBXGroup;
			children = (
				CEA8370B20804FAD00C8F3C5 /* BoxingTimer */,
				CEA8372020804FAD00C8F3C5 /* BoxingTimerTests */,
				CEA8372B20804FAD00C8F3C5 /* BoxingTimerUITests */,
				CEA8370A20804FAD00C8F3C5 /* Products */,
			);
			sourceTree = "<group>";
		};
		CEA8370A20804FAD00C8F3C5 /* Products */ = {
			isa = PBXGroup;
			children = (
				CEA8370920804FAD00C8F3C5 /* BoxingTimer.app */,
				CEA8371D20804FAD00C8F3C5 /* BoxingTimerTests.xctest */,
				CEA8372820804FAD00C8F3C5 /* BoxingTimerUITests.xctest */,
			);
			name = Products;
			sourceTree = "<group>";
		};
		CEA8370B20804FAD00C8F3C5 /* BoxingTimer */ = {
			isa = PBXGroup;
			children = (
				CE9CB5142088306F0079E594 /* CenterClass */,
				CEA8370E20804FAD00C8F3C5 /* ViewController.swift */,
				CEE9F01C208F351000AF1AD0 /* OptionController.swift */,
				CEA8371020804FAD00C8F3C5 /* Main.storyboard */,
				CEA8371320804FAD00C8F3C5 /* Assets.xcassets */,
				CEA8371520804FAD00C8F3C5 /* LaunchScreen.storyboard */,
				CEA8371820804FAD00C8F3C5 /* Info.plist */,
			);
			path = BoxingTimer;
			sourceTree = "<group>";
		};
		CEA8372020804FAD00C8F3C5 /* BoxingTimerTests */ = {
			isa = PBXGroup;
			children = (
				CEA8372120804FAD00C8F3C5 /* BoxingTimerTests.swift */,
				CEA8372320804FAD00C8F3C5 /* Info.plist */,
			);
			path = BoxingTimerTests;
			sourceTree = "<group>";
		};
		CEA8372B20804FAD00C8F3C5 /* BoxingTimerUITests */ = {
			isa = PBXGroup;
			children = (
				CEA8372C20804FAD00C8F3C5 /* BoxingTimerUITests.swift */,
				CEA8372E20804FAD00C8F3C5 /* Info.plist */,
			);
			path = BoxingTimerUITests;
			sourceTree = "<group>";
		};
/* End PBXGroup section */

/* Begin PBXNativeTarget section */
		CEA8370820804FAD00C8F3C5 /* BoxingTimer */ = {
			isa = PBXNativeTarget;
			buildConfigurationList = CEA8373120804FAE00C8F3C5 /* Build configuration list for PBXNativeTarget "BoxingTimer" */;
			buildPhases = (
				CEA8370520804FAD00C8F3C5 /* Sources */,
				CEA8370620804FAD00C8F3C5 /* Frameworks */,
				CEA8370720804FAD00C8F3C5 /* Resources */,
			);
			buildRules = (
			);
			dependencies = (
			);
			name = BoxingTimer;
			productName = BoxingTimer;
			productReference = CEA8370920804FAD00C8F3C5 /* BoxingTimer.app */;
			productType = "com.apple.product-type.application";
		};
		CEA8371C20804FAD00C8F3C5 /* BoxingTimerTests */ = {
			isa = PBXNativeTarget;
			buildConfigurationList = CEA8373420804FAE00C8F3C5 /* Build configuration list for PBXNativeTarget "BoxingTimerTests" */;
			buildPhases = (
				CEA8371920804FAD00C8F3C5 /* Sources */,
				CEA8371A20804FAD00C8F3C5 /* Frameworks */,
				CEA8371B20804FAD00C8F3C5 /* Resources */,
			);
			buildRules = (
			);
			dependencies = (
				CEA8371F20804FAD00C8F3C5 /* PBXTargetDependency */,
			);
			name = BoxingTimerTests;
			productName = BoxingTimerTests;
			productReference = CEA8371D20804FAD00C8F3C5 /* BoxingTimerTests.xctest */;
			productType = "com.apple.product-type.bundle.unit-test";
		};
		CEA8372720804FAD00C8F3C5 /* BoxingTimerUITests */ = {
			isa = PBXNativeTarget;
			buildConfigurationList = CEA8373720804FAE00C8F3C5 /* Build configuration list for PBXNativeTarget "BoxingTimerUITests" */;
			buildPhases = (
				CEA8372420804FAD00C8F3C5 /* Sources */,
				CEA8372520804FAD00C8F3C5 /* Frameworks */,
				CEA8372620804FAD00C8F3C5 /* Resources */,
			);
			buildRules = (
			);
			dependencies = (
				CEA8372A20804FAD00C8F3C5 /* PBXTargetDependency */,
			);
			name = BoxingTimerUITests;
			productName = BoxingTimerUITests;
			productReference = CEA8372820804FAD00C8F3C5 /* BoxingTimerUITests.xctest */;
			productType = "com.apple.product-type.bundle.ui-testing";
		};
/* End PBXNativeTarget section */

/* Begin PBXProject section */
		CEA8370120804FAD00C8F3C5 /* Project object */ = {
			isa = PBXProject;
			attributes = {
				LastSwiftUpdateCheck = 0920;
				LastUpgradeCheck = 0920;
				ORGANIZATIONNAME = Dat;
				TargetAttributes = {
					CEA8370820804FAD00C8F3C5 = {
						CreatedOnToolsVersion = 9.2;
						ProvisioningStyle = Automatic;
					};
					CEA8371C20804FAD00C8F3C5 = {
						CreatedOnToolsVersion = 9.2;
						ProvisioningStyle = Automatic;
						TestTargetID = CEA8370820804FAD00C8F3C5;
					};
					CEA8372720804FAD00C8F3C5 = {
						CreatedOnToolsVersion = 9.2;
						ProvisioningStyle = Automatic;
						TestTargetID = CEA8370820804FAD00C8F3C5;
					};
				};
			};
			buildConfigurationList = CEA8370420804FAD00C8F3C5 /* Build configuration list for PBXProject "BoxingTimer" */;
			compatibilityVersion = "Xcode 8.0";
			developmentRegion = en;
			hasScannedForEncodings = 0;
			knownRegions = (
				en,
				Base,
			);
			mainGroup = CEA8370020804FAD00C8F3C5;
			productRefGroup = CEA8370A20804FAD00C8F3C5 /* Products */;
			projectDirPath = "";
			projectRoot = "";
			targets = (
				CEA8370820804FAD00C8F3C5 /* BoxingTimer */,
				CEA8371C20804FAD00C8F3C5 /* BoxingTimerTests */,
				CEA8372720804FAD00C8F3C5 /* BoxingTimerUITests */,
			);
		};
/* End PBXProject section */

/* Begin PBXResourcesBuildPhase section */
		CEA8370720804FAD00C8F3C5 /* Resources */ = {
			isa = PBXResourcesBuildPhase;
			buildActionMask = 2147483647;
			files = (
				CEA8371720804FAD00C8F3C5 /* LaunchScreen.storyboard in Resources */,
				CEA8371420804FAD00C8F3C5 /* Assets.xcassets in Resources */,
				CEA8371220804FAD00C8F3C5 /* Main.storyboard in Resources */,
			);
			runOnlyForDeploymentPostprocessing = 0;
		};
		CEA8371B20804FAD00C8F3C5 /* Resources */ = {
			isa = PBXResourcesBuildPhase;
			buildActionMask = 2147483647;
			files = (
			);
			runOnlyForDeploymentPostprocessing = 0;
		};
		CEA8372620804FAD00C8F3C5 /* Resources */ = {
			isa = PBXResourcesBuildPhase;
			buildActionMask = 2147483647;
			files = (
			);
			runOnlyForDeploymentPostprocessing = 0;
		};
/* End PBXResourcesBuildPhase section */

/* Begin PBXSourcesBuildPhase section */
		CEA8370520804FAD00C8F3C5 /* Sources */ = {
			isa = PBXSourcesBuildPhase;
			buildActionMask = 2147483647;
			files = (
				CE2F8FBC2092CD110043D83B /* AKPickerView.swift in Sources */,
				CEE9F01D208F351000AF1AD0 /* OptionController.swift in Sources */,
				CEB74134209317860095D415 /* OP.swift in Sources */,
				CEA8370F20804FAD00C8F3C5 /* ViewController.swift in Sources */,
				CEF13D0B208F3AE3003496DE /* UIImage+Resize.swift in Sources */,
				CEA8370D20804FAD00C8F3C5 /* AppDelegate.swift in Sources */,
			);
			runOnlyForDeploymentPostprocessing = 0;
		};
		CEA8371920804FAD00C8F3C5 /* Sources */ = {
			isa = PBXSourcesBuildPhase;
			buildActionMask = 2147483647;
			files = (
				CEA8372220804FAD00C8F3C5 /* BoxingTimerTests.swift in Sources */,
			);
			runOnlyForDeploymentPostprocessing = 0;
		};
		CEA8372420804FAD00C8F3C5 /* Sources */ = {
			isa = PBXSourcesBuildPhase;
			buildActionMask = 2147483647;
			files = (
				CEA8372D20804FAD00C8F3C5 /* BoxingTimerUITests.swift in Sources */,
			);
			runOnlyForDeploymentPostprocessing = 0;
		};
/* End PBXSourcesBuildPhase section */

/* Begin PBXTargetDependency section */
		CEA8371F20804FAD00C8F3C5 /* PBXTargetDependency */ = {
			isa = PBXTargetDependency;
			target = CEA8370820804FAD00C8F3C5 /* BoxingTimer */;
			targetProxy = CEA8371E20804FAD00C8F3C5 /* PBXContainerItemProxy */;
		};
		CEA8372A20804FAD00C8F3C5 /* PBXTargetDependency */ = {
			isa = PBXTargetDependency;
			target = CEA8370820804FAD00C8F3C5 /* BoxingTimer */;
			targetProxy = CEA8372920804FAD00C8F3C5 /* PBXContainerItemProxy */;
		};
/* End PBXTargetDependency section */

/* Begin PBXVariantGroup section */
		CEA8371020804FAD00C8F3C5 /* Main.storyboard */ = {
			isa = PBXVariantGroup;
			children = (
				CEA8371120804FAD00C8F3C5 /* Base */,
			);
			name = Main.storyboard;
			sourceTree = "<group>";
		};
		CEA8371520804FAD00C8F3C5 /* LaunchScreen.storyboard */ = {
			isa = PBXVariantGroup;
			children = (
				CEA8371620804FAD00C8F3C5 /* Base */,
			);
			name = LaunchScreen.storyboard;
			sourceTree = "<group>";
		};
/* End PBXVariantGroup section */

/* Begin XCBuildConfiguration section */
		CEA8372F20804FAE00C8F3C5 /* Debug */ = {
			isa = XCBuildConfiguration;
			buildSettings = {
				ALWAYS_SEARCH_USER_PATHS = NO;
				CLANG_ANALYZER_NONNULL = YES;
				CLANG_ANALYZER_NUMBER_OBJECT_CONVERSION = YES_AGGRESSIVE;
				CLANG_CXX_LANGUAGE_STANDARD = "gnu++14";
				CLANG_CXX_LIBRARY = "libc++";
				CLANG_ENABLE_MODULES = YES;
				CLANG_ENABLE_OBJC_ARC = YES;
				CLANG_WARN_BLOCK_CAPTURE_AUTORELEASING = YES;
				CLANG_WARN_BOOL_CONVERSION = YES;
				CLANG_WARN_COMMA = YES;
				CLANG_WARN_CONSTANT_CONVERSION = YES;
				CLANG_WARN_DIRECT_OBJC_ISA_USAGE = YES_ERROR;
				CLANG_WARN_DOCUMENTATION_COMMENTS = YES;
				CLANG_WARN_EMPTY_BODY = YES;
				CLANG_WARN_ENUM_CONVERSION = YES;
				CLANG_WARN_INFINITE_RECURSION = YES;
				CLANG_WARN_INT_CONVERSION = YES;
				CLANG_WARN_NON_LITERAL_NULL_CONVERSION = YES;
				CLANG_WARN_OBJC_LITERAL_CONVERSION = YES;
				CLANG_WARN_OBJC_ROOT_CLASS = YES_ERROR;
				CLANG_WARN_RANGE_LOOP_ANALYSIS = YES;
				CLANG_WARN_STRICT_PROTOTYPES = YES;
				CLANG_WARN_SUSPICIOUS_MOVE = YES;
				CLANG_WARN_UNGUARDED_AVAILABILITY = YES_AGGRESSIVE;
				CLANG_WARN_UNREACHABLE_CODE = YES;
				CLANG_WARN__DUPLICATE_METHOD_MATCH = YES;
				CODE_SIGN_IDENTITY = "iPhone Developer";
				COPY_PHASE_STRIP = NO;
				DEBUG_INFORMATION_FORMAT = dwarf;
				ENABLE_STRICT_OBJC_MSGSEND = YES;
				ENABLE_TESTABILITY = YES;
				GCC_C_LANGUAGE_STANDARD = gnu11;
				GCC_DYNAMIC_NO_PIC = NO;
				GCC_NO_COMMON_BLOCKS = YES;
				GCC_OPTIMIZATION_LEVEL = 0;
				GCC_PREPROCESSOR_DEFINITIONS = (
					"DEBUG=1",
					"$(inherited)",
				);
				GCC_WARN_64_TO_32_BIT_CONVERSION = YES;
				GCC_WARN_ABOUT_RETURN_TYPE = YES_ERROR;
				GCC_WARN_UNDECLARED_SELECTOR = YES;
				GCC_WARN_UNINITIALIZED_AUTOS = YES_AGGRESSIVE;
				GCC_WARN_UNUSED_FUNCTION = YES;
				GCC_WARN_UNUSED_VARIABLE = YES;
				IPHONEOS_DEPLOYMENT_TARGET = 11.2;
				MTL_ENABLE_DEBUG_INFO = YES;
				ONLY_ACTIVE_ARCH = YES;
				SDKROOT = iphoneos;
				SWIFT_ACTIVE_COMPILATION_CONDITIONS = DEBUG;
				SWIFT_OPTIMIZATION_LEVEL = "-Onone";
			};
			name = Debug;
		};
		CEA8373020804FAE00C8F3C5 /* Release */ = {
			isa = XCBuildConfiguration;
			buildSettings = {
				ALWAYS_SEARCH_USER_PATHS = NO;
				CLANG_ANALYZER_NONNULL = YES;
				CLANG_ANALYZER_NUMBER_OBJECT_CONVERSION = YES_AGGRESSIVE;
				CLANG_CXX_LANGUAGE_STANDARD = "gnu++14";
				CLANG_CXX_LIBRARY = "libc++";
				CLANG_ENABLE_MODULES = YES;
				CLANG_ENABLE_OBJC_ARC = YES;
				CLANG_WARN_BLOCK_CAPTURE_AUTORELEASING = YES;
				CLANG_WARN_BOOL_CONVERSION = YES;
				CLANG_WARN_COMMA = YES;
				CLANG_WARN_CONSTANT_CONVERSION = YES;
				CLANG_WARN_DIRECT_OBJC_ISA_USAGE = YES_ERROR;
				CLANG_WARN_DOCUMENTATION_COMMENTS = YES;
				CLANG_WARN_EMPTY_BODY = YES;
				CLANG_WARN_ENUM_CONVERSION = YES;
				CLANG_WARN_INFINITE_RECURSION = YES;
				CLANG_WARN_INT_CONVERSION = YES;
				CLANG_WARN_NON_LITERAL_NULL_CONVERSION = YES;
				CLANG_WARN_OBJC_LITERAL_CONVERSION = YES;
				CLANG_WARN_OBJC_ROOT_CLASS = YES_ERROR;
				CLANG_WARN_RANGE_LOOP_ANALYSIS = YES;
				CLANG_WARN_STRICT_PROTOTYPES = YES;
				CLANG_WARN_SUSPICIOUS_MOVE = YES;
				CLANG_WARN_UNGUARDED_AVAILABILITY = YES_AGGRESSIVE;
				CLANG_WARN_UNREACHABLE_CODE = YES;
				CLANG_WARN__DUPLICATE_METHOD_MATCH = YES;
				CODE_SIGN_IDENTITY = "iPhone Developer";
				COPY_PHASE_STRIP = NO;
				DEBUG_INFORMATION_FORMAT = "dwarf-with-dsym";
				ENABLE_NS_ASSERTIONS = NO;
				ENABLE_STRICT_OBJC_MSGSEND = YES;
				GCC_C_LANGUAGE_STANDARD = gnu11;
				GCC_NO_COMMON_BLOCKS = YES;
				GCC_WARN_64_TO_32_BIT_CONVERSION = YES;
				GCC_WARN_ABOUT_RETURN_TYPE = YES_ERROR;
				GCC_WARN_UNDECLARED_SELECTOR = YES;
				GCC_WARN_UNINITIALIZED_AUTOS = YES_AGGRESSIVE;
				GCC_WARN_UNUSED_FUNCTION = YES;
				GCC_WARN_UNUSED_VARIABLE = YES;
				IPHONEOS_DEPLOYMENT_TARGET = 11.2;
				MTL_ENABLE_DEBUG_INFO = NO;
				SDKROOT = iphoneos;
				SWIFT_OPTIMIZATION_LEVEL = "-Owholemodule";
				VALIDATE_PRODUCT = YES;
			};
			name = Release;
		};
		CEA8373220804FAE00C8F3C5 /* Debug */ = {
			isa = XCBuildConfiguration;
			buildSettings = {
				ASSETCATALOG_COMPILER_APPICON_NAME = AppIcon;
				CODE_SIGN_STYLE = Automatic;
				DEVELOPMENT_TEAM = TWXZYM9R2G;
				INFOPLIST_FILE = BoxingTimer/Info.plist;
				LD_RUNPATH_SEARCH_PATHS = "$(inherited) @executable_path/Frameworks";
				PRODUCT_BUNDLE_IDENTIFIER = Dat.BoxingTimer;
				PRODUCT_NAME = "$(TARGET_NAME)";
				SWIFT_VERSION = 4.0;
				TARGETED_DEVICE_FAMILY = "1,2";
			};
			name = Debug;
		};
		CEA8373320804FAE00C8F3C5 /* Release */ = {
			isa = XCBuildConfiguration;
			buildSettings = {
				ASSETCATALOG_COMPILER_APPICON_NAME = AppIcon;
				CODE_SIGN_STYLE = Automatic;
				DEVELOPMENT_TEAM = TWXZYM9R2G;
				INFOPLIST_FILE = BoxingTimer/Info.plist;
				LD_RUNPATH_SEARCH_PATHS = "$(inherited) @executable_path/Frameworks";
				PRODUCT_BUNDLE_IDENTIFIER = Dat.BoxingTimer;
				PRODUCT_NAME = "$(TARGET_NAME)";
				SWIFT_VERSION = 4.0;
				TARGETED_DEVICE_FAMILY = "1,2";
			};
			name = Release;
		};
		CEA8373520804FAE00C8F3C5 /* Debug */ = {
			isa = XCBuildConfiguration;
			buildSettings = {
				ALWAYS_EMBED_SWIFT_STANDARD_LIBRARIES = YES;
				BUNDLE_LOADER = "$(TEST_HOST)";
				CODE_SIGN_STYLE = Automatic;
				DEVELOPMENT_TEAM = TWXZYM9R2G;
				INFOPLIST_FILE = BoxingTimerTests/Info.plist;
				LD_RUNPATH_SEARCH_PATHS = "$(inherited) @executable_path/Frameworks @loader_path/Frameworks";
				PRODUCT_BUNDLE_IDENTIFIER = Dat.BoxingTimerTests;
				PRODUCT_NAME = "$(TARGET_NAME)";
				SWIFT_VERSION = 4.0;
				TARGETED_DEVICE_FAMILY = "1,2";
				TEST_HOST = "$(BUILT_PRODUCTS_DIR)/BoxingTimer.app/BoxingTimer";
			};
			name = Debug;
		};
		CEA8373620804FAE00C8F3C5 /* Release */ = {
			isa = XCBuildConfiguration;
			buildSettings = {
				ALWAYS_EMBED_SWIFT_STANDARD_LIBRARIES = YES;
				BUNDLE_LOADER = "$(TEST_HOST)";
				CODE_SIGN_STYLE = Automatic;
				DEVELOPMENT_TEAM = TWXZYM9R2G;
				INFOPLIST_FILE = BoxingTimerTests/Info.plist;
				LD_RUNPATH_SEARCH_PATHS = "$(inherited) @executable_path/Frameworks @loader_path/Frameworks";
				PRODUCT_BUNDLE_IDENTIFIER = Dat.BoxingTimerTests;
				PRODUCT_NAME = "$(TARGET_NAME)";
				SWIFT_VERSION = 4.0;
				TARGETED_DEVICE_FAMILY = "1,2";
				TEST_HOST = "$(BUILT_PRODUCTS_DIR)/BoxingTimer.app/BoxingTimer";
			};
			name = Release;
		};
		CEA8373820804FAE00C8F3C5 /* Debug */ = {
			isa = XCBuildConfiguration;
			buildSettings = {
				ALWAYS_EMBED_SWIFT_STANDARD_LIBRARIES = YES;
				CODE_SIGN_STYLE = Automatic;
				DEVELOPMENT_TEAM = TWXZYM9R2G;
				INFOPLIST_FILE = BoxingTimerUITests/Info.plist;
				LD_RUNPATH_SEARCH_PATHS = "$(inherited) @executable_path/Frameworks @loader_path/Frameworks";
				PRODUCT_BUNDLE_IDENTIFIER = Dat.BoxingTimerUITests;
				PRODUCT_NAME = "$(TARGET_NAME)";
				SWIFT_VERSION = 4.0;
				TARGETED_DEVICE_FAMILY = "1,2";
				TEST_TARGET_NAME = BoxingTimer;
			};
			name = Debug;
		};
		CEA8373920804FAE00C8F3C5 /* Release */ = {
			isa = XCBuildConfiguration;
			buildSettings = {
				ALWAYS_EMBED_SWIFT_STANDARD_LIBRARIES = YES;
				CODE_SIGN_STYLE = Automatic;
				DEVELOPMENT_TEAM = TWXZYM9R2G;
				INFOPLIST_FILE = BoxingTimerUITests/Info.plist;
				LD_RUNPATH_SEARCH_PATHS = "$(inherited) @executable_path/Frameworks @loader_path/Frameworks";
				PRODUCT_BUNDLE_IDENTIFIER = Dat.BoxingTimerUITests;
				PRODUCT_NAME = "$(TARGET_NAME)";
				SWIFT_VERSION = 4.0;
				TARGETED_DEVICE_FAMILY = "1,2";
				TEST_TARGET_NAME = BoxingTimer;
			};
			name = Release;
		};
/* End XCBuildConfiguration section */

/* Begin XCConfigurationList section */
		CEA8370420804FAD00C8F3C5 /* Build configuration list for PBXProject "BoxingTimer" */ = {
			isa = XCConfigurationList;
			buildConfigurations = (
				CEA8372F20804FAE00C8F3C5 /* Debug */,
				CEA8373020804FAE00C8F3C5 /* Release */,
			);
			defaultConfigurationIsVisible = 0;
			defaultConfigurationName = Release;
		};
		CEA8373120804FAE00C8F3C5 /* Build configuration list for PBXNativeTarget "BoxingTimer" */ = {
			isa = XCConfigurationList;
			buildConfigurations = (
				CEA8373220804FAE00C8F3C5 /* Debug */,
				CEA8373320804FAE00C8F3C5 /* Release */,
			);
			defaultConfigurationIsVisible = 0;
			defaultConfigurationName = Release;
		};
		CEA8373420804FAE00C8F3C5 /* Build configuration list for PBXNativeTarget "BoxingTimerTests" */ = {
			isa = XCConfigurationList;
			buildConfigurations = (
				CEA8373520804FAE00C8F3C5 /* Debug */,
				CEA8373620804FAE00C8F3C5 /* Release */,
			);
			defaultConfigurationIsVisible = 0;
			defaultConfigurationName = Release;
		};
		CEA8373720804FAE00C8F3C5 /* Build configuration list for PBXNativeTarget "BoxingTimerUITests" */ = {
			isa = XCConfigurationList;
			buildConfigurations = (
				CEA8373820804FAE00C8F3C5 /* Debug */,
				CEA8373920804FAE00C8F3C5 /* Release */,
			);
			defaultConfigurationIsVisible = 0;
			defaultConfigurationName = Release;
		};
/* End XCConfigurationList section */
	};
	rootObject = CEA8370120804FAD00C8F3C5 /* Project object */;
}
